// !$*UTF8*$!
{
	archiveVersion = 1;
	classes = {
	};
	objectVersion = 46;
	objects = {

/* Begin PBXBuildFile section */
		756D61241F0852F700995043 /* AppDelegate.swift in Sources */ = {isa = PBXBuildFile; fileRef = 756D61231F0852F700995043 /* AppDelegate.swift */; };
		756D61261F0852F700995043 /* ViewController.swift in Sources */ = {isa = PBXBuildFile; fileRef = 756D61251F0852F700995043 /* ViewController.swift */; };
		756D61291F0852F700995043 /* Main.storyboard in Resources */ = {isa = PBXBuildFile; fileRef = 756D61271F0852F700995043 /* Main.storyboard */; };
		756D612B1F0852F700995043 /* Assets.xcassets in Resources */ = {isa = PBXBuildFile; fileRef = 756D612A1F0852F700995043 /* Assets.xcassets */; };
		756D612E1F0852F700995043 /* LaunchScreen.storyboard in Resources */ = {isa = PBXBuildFile; fileRef = 756D612C1F0852F700995043 /* LaunchScreen.storyboard */; };
		756D61361F08578B00995043 /* pokemon.csv in Resources */ = {isa = PBXBuildFile; fileRef = 756D61351F08578B00995043 /* pokemon.csv */; };
		756D61391F0859F300995043 /* Pokemon.swift in Sources */ = {isa = PBXBuildFile; fileRef = 756D61381F0859F300995043 /* Pokemon.swift */; };
		756D613C1F09901200995043 /* PokeCell.swift in Sources */ = {isa = PBXBuildFile; fileRef = 756D613B1F09901200995043 /* PokeCell.swift */; };
		756D613E1F09C9F500995043 /* csv.swift in Sources */ = {isa = PBXBuildFile; fileRef = 756D613D1F09C9F500995043 /* csv.swift */; };
		756D61401F09E9FB00995043 /* Pokemon.ttf in Resources */ = {isa = PBXBuildFile; fileRef = 756D613F1F09E9FB00995043 /* Pokemon.ttf */; };
		756D61451F09ECF500995043 /* music.mp3 in Resources */ = {isa = PBXBuildFile; fileRef = 756D61441F09ECF500995043 /* music.mp3 */; };
		756D61471F09ED1100995043 /* music.png in Resources */ = {isa = PBXBuildFile; fileRef = 756D61461F09ED1100995043 /* music.png */; };
		756D61491F0BD19D00995043 /* PokemonDetailVC.swift in Sources */ = {isa = PBXBuildFile; fileRef = 756D61481F0BD19D00995043 /* PokemonDetailVC.swift */; };
		756D61561F0C453C00995043 /* json.json in Resources */ = {isa = PBXBuildFile; fileRef = 756D61551F0C453C00995043 /* json.json */; };
		756D615A1F0C459F00995043 /* UseJSON.swift in Sources */ = {isa = PBXBuildFile; fileRef = 756D61591F0C459F00995043 /* UseJSON.swift */; };
/* End PBXBuildFile section */

/* Begin PBXFileReference section */
		756D61201F0852F700995043 /* pokedex.app */ = {isa = PBXFileReference; explicitFileType = wrapper.application; includeInIndex = 0; path = pokedex.app; sourceTree = BUILT_PRODUCTS_DIR; };
		756D61231F0852F700995043 /* AppDelegate.swift */ = {isa = PBXFileReference; lastKnownFileType = sourcecode.swift; path = AppDelegate.swift; sourceTree = "<group>"; };
		756D61251F0852F700995043 /* ViewController.swift */ = {isa = PBXFileReference; lastKnownFileType = sourcecode.swift; path = ViewController.swift; sourceTree = "<group>"; };
		756D61281F0852F700995043 /* Base */ = {isa = PBXFileReference; lastKnownFileType = file.storyboard; name = Base; path = Base.lproj/Main.storyboard; sourceTree = "<group>"; };
		756D612A1F0852F700995043 /* Assets.xcassets */ = {isa = PBXFileReference; lastKnownFileType = folder.assetcatalog; path = Assets.xcassets; sourceTree = "<group>"; };
		756D612D1F0852F700995043 /* Base */ = {isa = PBXFileReference; lastKnownFileType = file.storyboard; name = Base; path = Base.lproj/LaunchScreen.storyboard; sourceTree = "<group>"; };
		756D612F1F0852F700995043 /* Info.plist */ = {isa = PBXFileReference; lastKnownFileType = text.plist.xml; path = Info.plist; sourceTree = "<group>"; };
		756D61351F08578B00995043 /* pokemon.csv */ = {isa = PBXFileReference; fileEncoding = 4; lastKnownFileType = text; path = pokemon.csv; sourceTree = "<group>"; };
		756D61381F0859F300995043 /* Pokemon.swift */ = {isa = PBXFileReference; fileEncoding = 4; lastKnownFileType = sourcecode.swift; path = Pokemon.swift; sourceTree = "<group>"; };
		756D613B1F09901200995043 /* PokeCell.swift */ = {isa = PBXFileReference; fileEncoding = 4; lastKnownFileType = sourcecode.swift; path = PokeCell.swift; sourceTree = "<group>"; };
		756D613D1F09C9F500995043 /* csv.swift */ = {isa = PBXFileReference; fileEncoding = 4; lastKnownFileType = sourcecode.swift; path = csv.swift; sourceTree = "<group>"; };
		756D613F1F09E9FB00995043 /* Pokemon.ttf */ = {isa = PBXFileReference; lastKnownFileType = file; path = Pokemon.ttf; sourceTree = "<group>"; };
		756D61441F09ECF500995043 /* music.mp3 */ = {isa = PBXFileReference; lastKnownFileType = audio.mp3; path = music.mp3; sourceTree = "<group>"; };
		756D61461F09ED1100995043 /* music.png */ = {isa = PBXFileReference; lastKnownFileType = image.png; path = music.png; sourceTree = "<group>"; };
		756D61481F0BD19D00995043 /* PokemonDetailVC.swift */ = {isa = PBXFileReference; fileEncoding = 4; lastKnownFileType = sourcecode.swift; path = PokemonDetailVC.swift; sourceTree = "<group>"; };
		756D61551F0C453C00995043 /* json.json */ = {isa = PBXFileReference; fileEncoding = 4; lastKnownFileType = text.json; path = json.json; sourceTree = "<group>"; };
		756D61591F0C459F00995043 /* UseJSON.swift */ = {isa = PBXFileReference; fileEncoding = 4; lastKnownFileType = sourcecode.swift; path = UseJSON.swift; sourceTree = "<group>"; };
/* End PBXFileReference section */

/* Begin PBXFrameworksBuildPhase section */
		756D611D1F0852F700995043 /* Frameworks */ = {
			isa = PBXFrameworksBuildPhase;
			buildActionMask = 2147483647;
			files = (
			);
			runOnlyForDeploymentPostprocessing = 0;
		};
/* End PBXFrameworksBuildPhase section */

/* Begin PBXGroup section */
		756D61171F0852F700995043 = {
			isa = PBXGroup;
			children = (
				756D61221F0852F700995043 /* pokedex */,
				756D61211F0852F700995043 /* Products */,
			);
			sourceTree = "<group>";
		};
		756D61211F0852F700995043 /* Products */ = {
			isa = PBXGroup;
			children = (
				756D61201F0852F700995043 /* pokedex.app */,
			);
			name = Products;
			sourceTree = "<group>";
		};
		756D61221F0852F700995043 /* pokedex */ = {
			isa = PBXGroup;
			children = (
				756D61431F09EAB600995043 /* Utilities */,
				756D61421F09EA5D00995043 /* Resources */,
				756D61371F0859BA00995043 /* Model */,
				756D613A1F098FC000995043 /* View */,
				756D61411F09EA2F00995043 /* Controller */,
				756D61231F0852F700995043 /* AppDelegate.swift */,
				756D61271F0852F700995043 /* Main.storyboard */,
				756D612A1F0852F700995043 /* Assets.xcassets */,
				756D612C1F0852F700995043 /* LaunchScreen.storyboard */,
				756D612F1F0852F700995043 /* Info.plist */,
			);
			path = pokedex;
			sourceTree = "<group>";
		};
		756D61371F0859BA00995043 /* Model */ = {
			isa = PBXGroup;
			children = (
				756D61381F0859F300995043 /* Pokemon.swift */,
			);
			name = Model;
			sourceTree = "<group>";
		};
		756D613A1F098FC000995043 /* View */ = {
			isa = PBXGroup;
			children = (
				756D613B1F09901200995043 /* PokeCell.swift */,
			);
			name = View;
			sourceTree = "<group>";
		};
		756D61411F09EA2F00995043 /* Controller */ = {
			isa = PBXGroup;
			children = (
				756D61251F0852F700995043 /* ViewController.swift */,
				756D61481F0BD19D00995043 /* PokemonDetailVC.swift */,
			);
			name = Controller;
			sourceTree = "<group>";
		};
		756D61421F09EA5D00995043 /* Resources */ = {
			isa = PBXGroup;
			children = (
				756D61441F09ECF500995043 /* music.mp3 */,
				756D61461F09ED1100995043 /* music.png */,
				756D61351F08578B00995043 /* pokemon.csv */,
				756D613F1F09E9FB00995043 /* Pokemon.ttf */,
			);
			name = Resources;
			sourceTree = "<group>";
		};
		756D61431F09EAB600995043 /* Utilities */ = {
			isa = PBXGroup;
			children = (
				756D613D1F09C9F500995043 /* csv.swift */,
				756D61551F0C453C00995043 /* json.json */,
				756D61591F0C459F00995043 /* UseJSON.swift */,
			);
			name = Utilities;
			sourceTree = "<group>";
		};
/* End PBXGroup section */

/* Begin PBXNativeTarget section */
		756D611F1F0852F700995043 /* pokedex */ = {
			isa = PBXNativeTarget;
			buildConfigurationList = 756D61321F0852F700995043 /* Build configuration list for PBXNativeTarget "pokedex" */;
			buildPhases = (
				756D611C1F0852F700995043 /* Sources */,
				756D611D1F0852F700995043 /* Frameworks */,
				756D611E1F0852F700995043 /* Resources */,
			);
			buildRules = (
			);
			dependencies = (
			);
			name = pokedex;
			productName = pokedex;
			productReference = 756D61201F0852F700995043 /* pokedex.app */;
			productType = "com.apple.product-type.application";
		};
/* End PBXNativeTarget section */

/* Begin PBXProject section */
		756D61181F0852F700995043 /* Project object */ = {
			isa = PBXProject;
			attributes = {
				LastSwiftUpdateCheck = 0830;
				LastUpgradeCheck = 0830;
				ORGANIZATIONNAME = Devslopes;
				TargetAttributes = {
					756D611F1F0852F700995043 = {
						CreatedOnToolsVersion = 8.3.2;
						LastSwiftMigration = 0830;
						ProvisioningStyle = Automatic;
					};
				};
			};
			buildConfigurationList = 756D611B1F0852F700995043 /* Build configuration list for PBXProject "pokedex" */;
			compatibilityVersion = "Xcode 3.2";
			developmentRegion = English;
			hasScannedForEncodings = 0;
			knownRegions = (
				en,
				Base,
			);
			mainGroup = 756D61171F0852F700995043;
			productRefGroup = 756D61211F0852F700995043 /* Products */;
			projectDirPath = "";
			projectRoot = "";
			targets = (
				756D611F1F0852F700995043 /* pokedex */,
			);
		};
/* End PBXProject section */

/* Begin PBXResourcesBuildPhase section */
		756D611E1F0852F700995043 /* Resources */ = {
			isa = PBXResourcesBuildPhase;
			buildActionMask = 2147483647;
			files = (
				756D61401F09E9FB00995043 /* Pokemon.ttf in Resources */,
				756D61471F09ED1100995043 /* music.png in Resources */,
				756D612E1F0852F700995043 /* LaunchScreen.storyboard in Resources */,
				756D61561F0C453C00995043 /* json.json in Resources */,
				756D61451F09ECF500995043 /* music.mp3 in Resources */,
				756D612B1F0852F700995043 /* Assets.xcassets in Resources */,
				756D61361F08578B00995043 /* pokemon.csv in Resources */,
				756D61291F0852F700995043 /* Main.storyboard in Resources */,
			);
			runOnlyForDeploymentPostprocessing = 0;
		};
/* End PBXResourcesBuildPhase section */

/* Begin PBXSourcesBuildPhase section */
		756D611C1F0852F700995043 /* Sources */ = {
			isa = PBXSourcesBuildPhase;
			buildActionMask = 2147483647;
			files = (
				756D613C1F09901200995043 /* PokeCell.swift in Sources */,
				756D61261F0852F700995043 /* ViewController.swift in Sources */,
				756D61241F0852F700995043 /* AppDelegate.swift in Sources */,
				756D61491F0BD19D00995043 /* PokemonDetailVC.swift in Sources */,
				756D61391F0859F300995043 /* Pokemon.swift in Sources */,
				756D613E1F09C9F500995043 /* csv.swift in Sources */,
				756D615A1F0C459F00995043 /* UseJSON.swift in Sources */,
			);
			runOnlyForDeploymentPostprocessing = 0;
		};
/* End PBXSourcesBuildPhase section */

/* Begin PBXVariantGroup section */
		756D61271F0852F700995043 /* Main.storyboard */ = {
			isa = PBXVariantGroup;
			children = (
				756D61281F0852F700995043 /* Base */,
			);
			name = Main.storyboard;
			sourceTree = "<group>";
		};
		756D612C1F0852F700995043 /* LaunchScreen.storyboard */ = {
			isa = PBXVariantGroup;
			children = (
				756D612D1F0852F700995043 /* Base */,
			);
			name = LaunchScreen.storyboard;
			sourceTree = "<group>";
		};
/* End PBXVariantGroup section */

/* Begin XCBuildConfiguration section */
		756D61301F0852F700995043 /* Debug */ = {
			isa = XCBuildConfiguration;
			buildSettings = {
				ALWAYS_SEARCH_USER_PATHS = NO;
				CLANG_ANALYZER_NONNULL = YES;
				CLANG_ANALYZER_NUMBER_OBJECT_CONVERSION = YES_AGGRESSIVE;
				CLANG_CXX_LANGUAGE_STANDARD = "gnu++0x";
				CLANG_CXX_LIBRARY = "libc++";
				CLANG_ENABLE_MODULES = YES;
				CLANG_ENABLE_OBJC_ARC = YES;
				CLANG_WARN_BOOL_CONVERSION = YES;
				CLANG_WARN_CONSTANT_CONVERSION = YES;
				CLANG_WARN_DIRECT_OBJC_ISA_USAGE = YES_ERROR;
				CLANG_WARN_DOCUMENTATION_COMMENTS = YES;
				CLANG_WARN_EMPTY_BODY = YES;
				CLANG_WARN_ENUM_CONVERSION = YES;
				CLANG_WARN_INFINITE_RECURSION = YES;
				CLANG_WARN_INT_CONVERSION = YES;
				CLANG_WARN_OBJC_ROOT_CLASS = YES_ERROR;
				CLANG_WARN_SUSPICIOUS_MOVE = YES;
				CLANG_WARN_UNREACHABLE_CODE = YES;
				CLANG_WARN__DUPLICATE_METHOD_MATCH = YES;
				"CODE_SIGN_IDENTITY[sdk=iphoneos*]" = "iPhone Developer";
				COPY_PHASE_STRIP = NO;
				DEBUG_INFORMATION_FORMAT = dwarf;
				ENABLE_STRICT_OBJC_MSGSEND = YES;
				ENABLE_TESTABILITY = YES;
				GCC_C_LANGUAGE_STANDARD = gnu99;
				GCC_DYNAMIC_NO_PIC = NO;
				GCC_NO_COMMON_BLOCKS = YES;
				GCC_OPTIMIZATION_LEVEL = 0;
				GCC_PREPROCESSOR_DEFINITIONS = (
					"DEBUG=1",
					"$(inherited)",
				);
				GCC_WARN_64_TO_32_BIT_CONVERSION = YES;
				GCC_WARN_ABOUT_RETURN_TYPE = YES_ERROR;
				GCC_WARN_UNDECLARED_SELECTOR = YES;
				GCC_WARN_UNINITIALIZED_AUTOS = YES_AGGRESSIVE;
				GCC_WARN_UNUSED_FUNCTION = YES;
				GCC_WARN_UNUSED_VARIABLE = YES;
				IPHONEOS_DEPLOYMENT_TARGET = 10.3;
				MTL_ENABLE_DEBUG_INFO = YES;
				ONLY_ACTIVE_ARCH = YES;
				SDKROOT = iphoneos;
				SWIFT_ACTIVE_COMPILATION_CONDITIONS = DEBUG;
				SWIFT_OPTIMIZATION_LEVEL = "-Onone";
				TARGETED_DEVICE_FAMILY = "1,2";
			};
			name = Debug;
		};
		756D61311F0852F700995043 /* Release */ = {
			isa = XCBuildConfiguration;
			buildSettings = {
				ALWAYS_SEARCH_USER_PATHS = NO;
				CLANG_ANALYZER_NONNULL = YES;
				CLANG_ANALYZER_NUMBER_OBJECT_CONVERSION = YES_AGGRESSIVE;
				CLANG_CXX_LANGUAGE_STANDARD = "gnu++0x";
				CLANG_CXX_LIBRARY = "libc++";
				CLANG_ENABLE_MODULES = YES;
				CLANG_ENABLE_OBJC_ARC = YES;
				CLANG_WARN_BOOL_CONVERSION = YES;
				CLANG_WARN_CONSTANT_CONVERSION = YES;
				CLANG_WARN_DIRECT_OBJC_ISA_USAGE = YES_ERROR;
				CLANG_WARN_DOCUMENTATION_COMMENTS = YES;
				CLANG_WARN_EMPTY_BODY = YES;
				CLANG_WARN_ENUM_CONVERSION = YES;
				CLANG_WARN_INFINITE_RECURSION = YES;
				CLANG_WARN_INT_CONVERSION = YES;
				CLANG_WARN_OBJC_ROOT_CLASS = YES_ERROR;
				CLANG_WARN_SUSPICIOUS_MOVE = YES;
				CLANG_WARN_UNREACHABLE_CODE = YES;
				CLANG_WARN__DUPLICATE_METHOD_MATCH = YES;
				"CODE_SIGN_IDENTITY[sdk=iphoneos*]" = "iPhone Developer";
				COPY_PHASE_STRIP = NO;
				DEBUG_INFORMATION_FORMAT = "dwarf-with-dsym";
				ENABLE_NS_ASSERTIONS = NO;
				ENABLE_STRICT_OBJC_MSGSEND = YES;
				GCC_C_LANGUAGE_STANDARD = gnu99;
				GCC_NO_COMMON_BLOCKS = YES;
				GCC_WARN_64_TO_32_BIT_CONVERSION = YES;
				GCC_WARN_ABOUT_RETURN_TYPE = YES_ERROR;
				GCC_WARN_UNDECLARED_SELECTOR = YES;
				GCC_WARN_UNINITIALIZED_AUTOS = YES_AGGRESSIVE;
				GCC_WARN_UNUSED_FUNCTION = YES;
				GCC_WARN_UNUSED_VARIABLE = YES;
				IPHONEOS_DEPLOYMENT_TARGET = 10.3;
				MTL_ENABLE_DEBUG_INFO = NO;
				SDKROOT = iphoneos;
				SWIFT_OPTIMIZATION_LEVEL = "-Owholemodule";
				TARGETED_DEVICE_FAMILY = "1,2";
				VALIDATE_PRODUCT = YES;
			};
			name = Release;
		};
		756D61331F0852F700995043 /* Debug */ = {
			isa = XCBuildConfiguration;
			buildSettings = {
				ASSETCATALOG_COMPILER_APPICON_NAME = AppIcon;
				INFOPLIST_FILE = pokedex/Info.plist;
				LD_RUNPATH_SEARCH_PATHS = "$(inherited) @executable_path/Frameworks";
				PRODUCT_BUNDLE_IDENTIFIER = com.devslopes.pokedex;
				PRODUCT_NAME = "$(TARGET_NAME)";
				SWIFT_VERSION = 3.0;
			};
			name = Debug;
		};
		756D61341F0852F700995043 /* Release */ = {
			isa = XCBuildConfiguration;
			buildSettings = {
				ASSETCATALOG_COMPILER_APPICON_NAME = AppIcon;
				INFOPLIST_FILE = pokedex/Info.plist;
				LD_RUNPATH_SEARCH_PATHS = "$(inherited) @executable_path/Frameworks";
				PRODUCT_BUNDLE_IDENTIFIER = com.devslopes.pokedex;
				PRODUCT_NAME = "$(TARGET_NAME)";
				SWIFT_VERSION = 3.0;
			};
			name = Release;
		};
/* End XCBuildConfiguration section */

/* Begin XCConfigurationList section */
		756D611B1F0852F700995043 /* Build configuration list for PBXProject "pokedex" */ = {
			isa = XCConfigurationList;
			buildConfigurations = (
				756D61301F0852F700995043 /* Debug */,
				756D61311F0852F700995043 /* Release */,
			);
			defaultConfigurationIsVisible = 0;
			defaultConfigurationName = Release;
		};
		756D61321F0852F700995043 /* Build configuration list for PBXNativeTarget "pokedex" */ = {
			isa = XCConfigurationList;
			buildConfigurations = (
				756D61331F0852F700995043 /* Debug */,
				756D61341F0852F700995043 /* Release */,
			);
			defaultConfigurationIsVisible = 0;
			defaultConfigurationName = Release;
		};
/* End XCConfigurationList section */
	};
	rootObject = 756D61181F0852F700995043 /* Project object */;
}
